
Microsoft Visual Studio Solution File, Format Version 12.00
# Visual Studio Version 16
VisualStudioVersion = 16.0.30011.22
MinimumVisualStudioVersion = 10.0.40219.1
Project("{FAE04EC0-301F-11D3-BF4B-00C04F79EFBC}") = "FunctionSAS2020", "FunctionSAS2020.csproj", "{275674DC-1ABC-40BA-A189-EBC3AE087A7B}"
EndProject
Global
	GlobalSection(SolutionConfigurationPlatforms) = preSolution
		Debug|Any CPU = Debug|Any CPU
		Release|Any CPU = Release|Any CPU
	EndGlobalSection
	GlobalSection(ProjectConfigurationPlatforms) = postSolution
		{275674DC-1ABC-40BA-A189-EBC3AE087A7B}.Debug|Any CPU.ActiveCfg = Debug|Any CPU
		{275674DC-1ABC-40BA-A189-EBC3AE087A7B}.Debug|Any CPU.Build.0 = Debug|Any CPU
		{275674DC-1ABC-40BA-A189-EBC3AE087A7B}.Release|Any CPU.ActiveCfg = Release|Any CPU
		{275674DC-1ABC-40BA-A189-EBC3AE087A7B}.Release|Any CPU.Build.0 = Release|Any CPU
	EndGlobalSection
	GlobalSection(SolutionProperties) = preSolution
		HideSolutionNode = FALSE
	EndGlobalSection
	GlobalSection(ExtensibilityGlobals) = postSolution
		SolutionGuid = {76131C88-9FB7-48E6-A784-B9AB9443982D}
	EndGlobalSection
EndGlobal
